
Microsoft Visual Studio Solution File, Format Version 12.00
# Visual Studio Version 16
VisualStudioVersion = 25.0.1703.3
MinimumVisualStudioVersion = 10.0.40219.1
Project("{FAE04EC0-301F-11D3-BF4B-00C04F79EFBC}") = "RedisPoc", "RedisPoc.csproj", "{2FD0F99A-3BB7-42D0-BE85-39B4EE789A18}"
EndProject
Project("{FAE04EC0-301F-11D3-BF4B-00C04F79EFBC}") = "RedisExhange.Web.Api", "..\RedisExhange.Web.Api\RedisExhange.Web.Api.csproj", "{97258396-EEE8-47C0-A01D-560D167CE293}"
EndProject
Global
	GlobalSection(SolutionConfigurationPlatforms) = preSolution
		Debug|Any CPU = Debug|Any CPU
		Release|Any CPU = Release|Any CPU
	EndGlobalSection
	GlobalSection(ProjectConfigurationPlatforms) = postSolution
		{2FD0F99A-3BB7-42D0-BE85-39B4EE789A18}.Debug|Any CPU.ActiveCfg = Debug|Any CPU
		{2FD0F99A-3BB7-42D0-BE85-39B4EE789A18}.Debug|Any CPU.Build.0 = Debug|Any CPU
		{2FD0F99A-3BB7-42D0-BE85-39B4EE789A18}.Release|Any CPU.ActiveCfg = Release|Any CPU
		{2FD0F99A-3BB7-42D0-BE85-39B4EE789A18}.Release|Any CPU.Build.0 = Release|Any CPU
		{97258396-EEE8-47C0-A01D-560D167CE293}.Debug|Any CPU.ActiveCfg = Debug|Any CPU
		{97258396-EEE8-47C0-A01D-560D167CE293}.Debug|Any CPU.Build.0 = Debug|Any CPU
		{97258396-EEE8-47C0-A01D-560D167CE293}.Release|Any CPU.ActiveCfg = Release|Any CPU
		{97258396-EEE8-47C0-A01D-560D167CE293}.Release|Any CPU.Build.0 = Release|Any CPU
	EndGlobalSection
	GlobalSection(SolutionProperties) = preSolution
		HideSolutionNode = FALSE
	EndGlobalSection
	GlobalSection(ExtensibilityGlobals) = postSolution
		SolutionGuid = {2EB1652C-C2E3-479A-8858-7A67B67A45FE}
	EndGlobalSection
EndGlobal
